
Microsoft Visual Studio Solution File, Format Version 12.00
# Visual Studio Version 16
VisualStudioVersion = 16.0.31613.86
MinimumVisualStudioVersion = 10.0.40219.1
Project("{FAE04EC0-301F-11D3-BF4B-00C04F79EFBC}") = "WPF_Files", "WPF_Files\WPF_Files.csproj", "{1BD97DE8-D239-4C60-9A2A-62190783E8BE}"
EndProject
Global
	GlobalSection(SolutionConfigurationPlatforms) = preSolution
		Debug|Any CPU = Debug|Any CPU
		Release|Any CPU = Release|Any CPU
	EndGlobalSection
	GlobalSection(ProjectConfigurationPlatforms) = postSolution
		{1BD97DE8-D239-4C60-9A2A-62190783E8BE}.Debug|Any CPU.ActiveCfg = Debug|Any CPU
		{1BD97DE8-D239-4C60-9A2A-62190783E8BE}.Debug|Any CPU.Build.0 = Debug|Any CPU
		{1BD97DE8-D239-4C60-9A2A-62190783E8BE}.Release|Any CPU.ActiveCfg = Release|Any CPU
		{1BD97DE8-D239-4C60-9A2A-62190783E8BE}.Release|Any CPU.Build.0 = Release|Any CPU
	EndGlobalSection
	GlobalSection(SolutionProperties) = preSolution
		HideSolutionNode = FALSE
	EndGlobalSection
	GlobalSection(ExtensibilityGlobals) = postSolution
		SolutionGuid = {C4AC92A4-32B4-4983-90AF-69E9D0BF8DD8}
	EndGlobalSection
EndGlobal
