
Microsoft Visual Studio Solution File, Format Version 12.00
# Visual Studio Version 16
VisualStudioVersion = 16.0.31613.86
MinimumVisualStudioVersion = 10.0.40219.1
Project("{FAE04EC0-301F-11D3-BF4B-00C04F79EFBC}") = "JSON", "JSON\JSON.csproj", "{BB889712-2DFB-4C68-8739-198C188F7B66}"
EndProject
Global
	GlobalSection(SolutionConfigurationPlatforms) = preSolution
		Debug|Any CPU = Debug|Any CPU
		Release|Any CPU = Release|Any CPU
	EndGlobalSection
	GlobalSection(ProjectConfigurationPlatforms) = postSolution
		{BB889712-2DFB-4C68-8739-198C188F7B66}.Debug|Any CPU.ActiveCfg = Debug|Any CPU
		{BB889712-2DFB-4C68-8739-198C188F7B66}.Debug|Any CPU.Build.0 = Debug|Any CPU
		{BB889712-2DFB-4C68-8739-198C188F7B66}.Release|Any CPU.ActiveCfg = Release|Any CPU
		{BB889712-2DFB-4C68-8739-198C188F7B66}.Release|Any CPU.Build.0 = Release|Any CPU
	EndGlobalSection
	GlobalSection(SolutionProperties) = preSolution
		HideSolutionNode = FALSE
	EndGlobalSection
	GlobalSection(ExtensibilityGlobals) = postSolution
		SolutionGuid = {81AF38A4-5DC4-4BC0-ABB9-AD092F70990F}
	EndGlobalSection
EndGlobal
